// !$*UTF8*$!
{
	archiveVersion = 1;
	classes = {
	};
	objectVersion = 56;
	objects = {

/* Begin PBXBuildFile section */
		FAE21A622CAF9E8C00F9AA53 /* AppDelegate.swift in Sources */ = {isa = PBXBuildFile; fileRef = FAE21A612CAF9E8C00F9AA53 /* AppDelegate.swift */; };
		FAE21A642CAF9E8C00F9AA53 /* SceneDelegate.swift in Sources */ = {isa = PBXBuildFile; fileRef = FAE21A632CAF9E8C00F9AA53 /* SceneDelegate.swift */; };
		FAE21A662CAF9E8C00F9AA53 /* ViewController.swift in Sources */ = {isa = PBXBuildFile; fileRef = FAE21A652CAF9E8C00F9AA53 /* ViewController.swift */; };
		FAE21A692CAF9E8C00F9AA53 /* Base in Resources */ = {isa = PBXBuildFile; fileRef = FAE21A682CAF9E8C00F9AA53 /* Base */; };
		FAE21A6B2CAF9E8D00F9AA53 /* Assets.xcassets in Resources */ = {isa = PBXBuildFile; fileRef = FAE21A6A2CAF9E8D00F9AA53 /* Assets.xcassets */; };
		FAE21A6E2CAF9E8D00F9AA53 /* Base in Resources */ = {isa = PBXBuildFile; fileRef = FAE21A6D2CAF9E8D00F9AA53 /* Base */; };
		FAE21A772CAFA02700F9AA53 /* VoiceAudioViewController.xib in Resources */ = {isa = PBXBuildFile; fileRef = FAE21A762CAFA02700F9AA53 /* VoiceAudioViewController.xib */; };
		FAE21A782CAFA02700F9AA53 /* VoiceAudioViewController.swift in Sources */ = {isa = PBXBuildFile; fileRef = FAE21A752CAFA02700F9AA53 /* VoiceAudioViewController.swift */; };
/* End PBXBuildFile section */

/* Begin PBXFileReference section */
		FAE21A5E2CAF9E8C00F9AA53 /* RecordingExample.app */ = {isa = PBXFileReference; explicitFileType = wrapper.application; includeInIndex = 0; path = RecordingExample.app; sourceTree = BUILT_PRODUCTS_DIR; };
		FAE21A612CAF9E8C00F9AA53 /* AppDelegate.swift */ = {isa = PBXFileReference; lastKnownFileType = sourcecode.swift; path = AppDelegate.swift; sourceTree = "<group>"; };
		FAE21A632CAF9E8C00F9AA53 /* SceneDelegate.swift */ = {isa = PBXFileReference; lastKnownFileType = sourcecode.swift; path = SceneDelegate.swift; sourceTree = "<group>"; };
		FAE21A652CAF9E8C00F9AA53 /* ViewController.swift */ = {isa = PBXFileReference; lastKnownFileType = sourcecode.swift; path = ViewController.swift; sourceTree = "<group>"; };
		FAE21A682CAF9E8C00F9AA53 /* Base */ = {isa = PBXFileReference; lastKnownFileType = file.storyboard; name = Base; path = Base.lproj/Main.storyboard; sourceTree = "<group>"; };
		FAE21A6A2CAF9E8D00F9AA53 /* Assets.xcassets */ = {isa = PBXFileReference; lastKnownFileType = folder.assetcatalog; path = Assets.xcassets; sourceTree = "<group>"; };
		FAE21A6D2CAF9E8D00F9AA53 /* Base */ = {isa = PBXFileReference; lastKnownFileType = file.storyboard; name = Base; path = Base.lproj/LaunchScreen.storyboard; sourceTree = "<group>"; };
		FAE21A6F2CAF9E8D00F9AA53 /* Info.plist */ = {isa = PBXFileReference; lastKnownFileType = text.plist.xml; path = Info.plist; sourceTree = "<group>"; };
		FAE21A752CAFA02700F9AA53 /* VoiceAudioViewController.swift */ = {isa = PBXFileReference; lastKnownFileType = sourcecode.swift; path = VoiceAudioViewController.swift; sourceTree = "<group>"; };
		FAE21A762CAFA02700F9AA53 /* VoiceAudioViewController.xib */ = {isa = PBXFileReference; lastKnownFileType = file.xib; path = VoiceAudioViewController.xib; sourceTree = "<group>"; };
/* End PBXFileReference section */

/* Begin PBXFrameworksBuildPhase section */
		FAE21A5B2CAF9E8C00F9AA53 /* Frameworks */ = {
			isa = PBXFrameworksBuildPhase;
			buildActionMask = 2147483647;
			files = (
			);
			runOnlyForDeploymentPostprocessing = 0;
		};
/* End PBXFrameworksBuildPhase section */

/* Begin PBXGroup section */
		FAE21A552CAF9E8C00F9AA53 = {
			isa = PBXGroup;
			children = (
				FAE21A602CAF9E8C00F9AA53 /* RecordingExample */,
				FAE21A5F2CAF9E8C00F9AA53 /* Products */,
			);
			sourceTree = "<group>";
		};
		FAE21A5F2CAF9E8C00F9AA53 /* Products */ = {
			isa = PBXGroup;
			children = (
				FAE21A5E2CAF9E8C00F9AA53 /* RecordingExample.app */,
			);
			name = Products;
			sourceTree = "<group>";
		};
		FAE21A602CAF9E8C00F9AA53 /* RecordingExample */ = {
			isa = PBXGroup;
			children = (
				FAE21A612CAF9E8C00F9AA53 /* AppDelegate.swift */,
				FAE21A632CAF9E8C00F9AA53 /* SceneDelegate.swift */,
				FAE21A652CAF9E8C00F9AA53 /* ViewController.swift */,
				FAE21A672CAF9E8C00F9AA53 /* Main.storyboard */,
				FAE21A6A2CAF9E8D00F9AA53 /* Assets.xcassets */,
				FAE21A6C2CAF9E8D00F9AA53 /* LaunchScreen.storyboard */,
				FAE21A6F2CAF9E8D00F9AA53 /* Info.plist */,
				FAE21A752CAFA02700F9AA53 /* VoiceAudioViewController.swift */,
				FAE21A762CAFA02700F9AA53 /* VoiceAudioViewController.xib */,
			);
			path = RecordingExample;
			sourceTree = "<group>";
		};
/* End PBXGroup section */

/* Begin PBXNativeTarget section */
		FAE21A5D2CAF9E8C00F9AA53 /* RecordingExample */ = {
			isa = PBXNativeTarget;
			buildConfigurationList = FAE21A722CAF9E8D00F9AA53 /* Build configuration list for PBXNativeTarget "RecordingExample" */;
			buildPhases = (
				FAE21A5A2CAF9E8C00F9AA53 /* Sources */,
				FAE21A5B2CAF9E8C00F9AA53 /* Frameworks */,
				FAE21A5C2CAF9E8C00F9AA53 /* Resources */,
			);
			buildRules = (
			);
			dependencies = (
			);
			name = RecordingExample;
			productName = RecordingExample;
			productReference = FAE21A5E2CAF9E8C00F9AA53 /* RecordingExample.app */;
			productType = "com.apple.product-type.application";
		};
/* End PBXNativeTarget section */

/* Begin PBXProject section */
		FAE21A562CAF9E8C00F9AA53 /* Project object */ = {
			isa = PBXProject;
			attributes = {
				BuildIndependentTargetsInParallel = 1;
				LastSwiftUpdateCheck = 1540;
				LastUpgradeCheck = 1540;
				TargetAttributes = {
					FAE21A5D2CAF9E8C00F9AA53 = {
						CreatedOnToolsVersion = 15.4;
					};
				};
			};
			buildConfigurationList = FAE21A592CAF9E8C00F9AA53 /* Build configuration list for PBXProject "RecordingExample" */;
			compatibilityVersion = "Xcode 14.0";
			developmentRegion = en;
			hasScannedForEncodings = 0;
			knownRegions = (
				en,
				Base,
			);
			mainGroup = FAE21A552CAF9E8C00F9AA53;
			productRefGroup = FAE21A5F2CAF9E8C00F9AA53 /* Products */;
			projectDirPath = "";
			projectRoot = "";
			targets = (
				FAE21A5D2CAF9E8C00F9AA53 /* RecordingExample */,
			);
		};
/* End PBXProject section */

/* Begin PBXResourcesBuildPhase section */
		FAE21A5C2CAF9E8C00F9AA53 /* Resources */ = {
			isa = PBXResourcesBuildPhase;
			buildActionMask = 2147483647;
			files = (
				FAE21A772CAFA02700F9AA53 /* VoiceAudioViewController.xib in Resources */,
				FAE21A6B2CAF9E8D00F9AA53 /* Assets.xcassets in Resources */,
				FAE21A6E2CAF9E8D00F9AA53 /* Base in Resources */,
				FAE21A692CAF9E8C00F9AA53 /* Base in Resources */,
			);
			runOnlyForDeploymentPostprocessing = 0;
		};
/* End PBXResourcesBuildPhase section */

/* Begin PBXSourcesBuildPhase section */
		FAE21A5A2CAF9E8C00F9AA53 /* Sources */ = {
			isa = PBXSourcesBuildPhase;
			buildActionMask = 2147483647;
			files = (
				FAE21A782CAFA02700F9AA53 /* VoiceAudioViewController.swift in Sources */,
				FAE21A662CAF9E8C00F9AA53 /* ViewController.swift in Sources */,
				FAE21A622CAF9E8C00F9AA53 /* AppDelegate.swift in Sources */,
				FAE21A642CAF9E8C00F9AA53 /* SceneDelegate.swift in Sources */,
			);
			runOnlyForDeploymentPostprocessing = 0;
		};
/* End PBXSourcesBuildPhase section */

/* Begin PBXVariantGroup section */
		FAE21A672CAF9E8C00F9AA53 /* Main.storyboard */ = {
			isa = PBXVariantGroup;
			children = (
				FAE21A682CAF9E8C00F9AA53 /* Base */,
			);
			name = Main.storyboard;
			sourceTree = "<group>";
		};
		FAE21A6C2CAF9E8D00F9AA53 /* LaunchScreen.storyboard */ = {
			isa = PBXVariantGroup;
			children = (
				FAE21A6D2CAF9E8D00F9AA53 /* Base */,
			);
			name = LaunchScreen.storyboard;
			sourceTree = "<group>";
		};
/* End PBXVariantGroup section */

/* Begin XCBuildConfiguration section */
		FAE21A702CAF9E8D00F9AA53 /* Debug */ = {
			isa = XCBuildConfiguration;
			buildSettings = {
				ALWAYS_SEARCH_USER_PATHS = NO;
				ASSETCATALOG_COMPILER_GENERATE_SWIFT_ASSET_SYMBOL_EXTENSIONS = YES;
				CLANG_ANALYZER_NONNULL = YES;
				CLANG_ANALYZER_NUMBER_OBJECT_CONVERSION = YES_AGGRESSIVE;
				CLANG_CXX_LANGUAGE_STANDARD = "gnu++20";
				CLANG_ENABLE_MODULES = YES;
				CLANG_ENABLE_OBJC_ARC = YES;
				CLANG_ENABLE_OBJC_WEAK = YES;
				CLANG_WARN_BLOCK_CAPTURE_AUTORELEASING = YES;
				CLANG_WARN_BOOL_CONVERSION = YES;
				CLANG_WARN_COMMA = YES;
				CLANG_WARN_CONSTANT_CONVERSION = YES;
				CLANG_WARN_DEPRECATED_OBJC_IMPLEMENTATIONS = YES;
				CLANG_WARN_DIRECT_OBJC_ISA_USAGE = YES_ERROR;
				CLANG_WARN_DOCUMENTATION_COMMENTS = YES;
				CLANG_WARN_EMPTY_BODY = YES;
				CLANG_WARN_ENUM_CONVERSION = YES;
				CLANG_WARN_INFINITE_RECURSION = YES;
				CLANG_WARN_INT_CONVERSION = YES;
				CLANG_WARN_NON_LITERAL_NULL_CONVERSION = YES;
				CLANG_WARN_OBJC_IMPLICIT_RETAIN_SELF = YES;
				CLANG_WARN_OBJC_LITERAL_CONVERSION = YES;
				CLANG_WARN_OBJC_ROOT_CLASS = YES_ERROR;
				CLANG_WARN_QUOTED_INCLUDE_IN_FRAMEWORK_HEADER = YES;
				CLANG_WARN_RANGE_LOOP_ANALYSIS = YES;
				CLANG_WARN_STRICT_PROTOTYPES = YES;
				CLANG_WARN_SUSPICIOUS_MOVE = YES;
				CLANG_WARN_UNGUARDED_AVAILABILITY = YES_AGGRESSIVE;
				CLANG_WARN_UNREACHABLE_CODE = YES;
				CLANG_WARN__DUPLICATE_METHOD_MATCH = YES;
				COPY_PHASE_STRIP = NO;
				DEBUG_INFORMATION_FORMAT = dwarf;
				ENABLE_STRICT_OBJC_MSGSEND = YES;
				ENABLE_TESTABILITY = YES;
				ENABLE_USER_SCRIPT_SANDBOXING = YES;
				GCC_C_LANGUAGE_STANDARD = gnu17;
				GCC_DYNAMIC_NO_PIC = NO;
				GCC_NO_COMMON_BLOCKS = YES;
				GCC_OPTIMIZATION_LEVEL = 0;
				GCC_PREPROCESSOR_DEFINITIONS = (
					"DEBUG=1",
					"$(inherited)",
				);
				GCC_WARN_64_TO_32_BIT_CONVERSION = YES;
				GCC_WARN_ABOUT_RETURN_TYPE = YES_ERROR;
				GCC_WARN_UNDECLARED_SELECTOR = YES;
				GCC_WARN_UNINITIALIZED_AUTOS = YES_AGGRESSIVE;
				GCC_WARN_UNUSED_FUNCTION = YES;
				GCC_WARN_UNUSED_VARIABLE = YES;
				IPHONEOS_DEPLOYMENT_TARGET = 13.0;
				LOCALIZATION_PREFERS_STRING_CATALOGS = YES;
				MTL_ENABLE_DEBUG_INFO = INCLUDE_SOURCE;
				MTL_FAST_MATH = YES;
				ONLY_ACTIVE_ARCH = YES;
				SDKROOT = iphoneos;
				SWIFT_ACTIVE_COMPILATION_CONDITIONS = "DEBUG $(inherited)";
				SWIFT_OPTIMIZATION_LEVEL = "-Onone";
			};
			name = Debug;
		};
		FAE21A712CAF9E8D00F9AA53 /* Release */ = {
			isa = XCBuildConfiguration;
			buildSettings = {
				ALWAYS_SEARCH_USER_PATHS = NO;
				ASSETCATALOG_COMPILER_GENERATE_SWIFT_ASSET_SYMBOL_EXTENSIONS = YES;
				CLANG_ANALYZER_NONNULL = YES;
				CLANG_ANALYZER_NUMBER_OBJECT_CONVERSION = YES_AGGRESSIVE;
				CLANG_CXX_LANGUAGE_STANDARD = "gnu++20";
				CLANG_ENABLE_MODULES = YES;
				CLANG_ENABLE_OBJC_ARC = YES;
				CLANG_ENABLE_OBJC_WEAK = YES;
				CLANG_WARN_BLOCK_CAPTURE_AUTORELEASING = YES;
				CLANG_WARN_BOOL_CONVERSION = YES;
				CLANG_WARN_COMMA = YES;
				CLANG_WARN_CONSTANT_CONVERSION = YES;
				CLANG_WARN_DEPRECATED_OBJC_IMPLEMENTATIONS = YES;
				CLANG_WARN_DIRECT_OBJC_ISA_USAGE = YES_ERROR;
				CLANG_WARN_DOCUMENTATION_COMMENTS = YES;
				CLANG_WARN_EMPTY_BODY = YES;
				CLANG_WARN_ENUM_CONVERSION = YES;
				CLANG_WARN_INFINITE_RECURSION = YES;
				CLANG_WARN_INT_CONVERSION = YES;
				CLANG_WARN_NON_LITERAL_NULL_CONVERSION = YES;
				CLANG_WARN_OBJC_IMPLICIT_RETAIN_SELF = YES;
				CLANG_WARN_OBJC_LITERAL_CONVERSION = YES;
				CLANG_WARN_OBJC_ROOT_CLASS = YES_ERROR;
				CLANG_WARN_QUOTED_INCLUDE_IN_FRAMEWORK_HEADER = YES;
				CLANG_WARN_RANGE_LOOP_ANALYSIS = YES;
				CLANG_WARN_STRICT_PROTOTYPES = YES;
				CLANG_WARN_SUSPICIOUS_MOVE = YES;
				CLANG_WARN_UNGUARDED_AVAILABILITY = YES_AGGRESSIVE;
				CLANG_WARN_UNREACHABLE_CODE = YES;
				CLANG_WARN__DUPLICATE_METHOD_MATCH = YES;
				COPY_PHASE_STRIP = NO;
				DEBUG_INFORMATION_FORMAT = "dwarf-with-dsym";
				ENABLE_NS_ASSERTIONS = NO;
				ENABLE_STRICT_OBJC_MSGSEND = YES;
				ENABLE_USER_SCRIPT_SANDBOXING = YES;
				GCC_C_LANGUAGE_STANDARD = gnu17;
				GCC_NO_COMMON_BLOCKS = YES;
				GCC_WARN_64_TO_32_BIT_CONVERSION = YES;
				GCC_WARN_ABOUT_RETURN_TYPE = YES_ERROR;
				GCC_WARN_UNDECLARED_SELECTOR = YES;
				GCC_WARN_UNINITIALIZED_AUTOS = YES_AGGRESSIVE;
				GCC_WARN_UNUSED_FUNCTION = YES;
				GCC_WARN_UNUSED_VARIABLE = YES;
				IPHONEOS_DEPLOYMENT_TARGET = 13.0;
				LOCALIZATION_PREFERS_STRING_CATALOGS = YES;
				MTL_ENABLE_DEBUG_INFO = NO;
				MTL_FAST_MATH = YES;
				SDKROOT = iphoneos;
				SWIFT_COMPILATION_MODE = wholemodule;
				VALIDATE_PRODUCT = YES;
			};
			name = Release;
		};
		FAE21A732CAF9E8D00F9AA53 /* Debug */ = {
			isa = XCBuildConfiguration;
			buildSettings = {
				ASSETCATALOG_COMPILER_APPICON_NAME = AppIcon;
				ASSETCATALOG_COMPILER_GLOBAL_ACCENT_COLOR_NAME = AccentColor;
				CODE_SIGN_STYLE = Automatic;
				CURRENT_PROJECT_VERSION = 1;
				DEVELOPMENT_TEAM = 432P93KZ59;
				GENERATE_INFOPLIST_FILE = YES;
				INFOPLIST_FILE = RecordingExample/Info.plist;
				INFOPLIST_KEY_NSMicrophoneUsageDescription = "This app uses your speech to recognition to transform your speech into text.";
				INFOPLIST_KEY_NSSpeechRecognitionUsageDescription = "This app uses Speech recognition to transform your speech into text.";
				INFOPLIST_KEY_UIApplicationSupportsIndirectInputEvents = YES;
				INFOPLIST_KEY_UILaunchStoryboardName = LaunchScreen;
				INFOPLIST_KEY_UIMainStoryboardFile = Main;
				INFOPLIST_KEY_UISupportedInterfaceOrientations = UIInterfaceOrientationPortrait;
				INFOPLIST_KEY_UISupportedInterfaceOrientations_iPad = "UIInterfaceOrientationLandscapeLeft UIInterfaceOrientationLandscapeRight UIInterfaceOrientationPortrait UIInterfaceOrientationPortraitUpsideDown";
				IPHONEOS_DEPLOYMENT_TARGET = 13.0;
				LD_RUNPATH_SEARCH_PATHS = (
					"$(inherited)",
					"@executable_path/Frameworks",
				);
				MARKETING_VERSION = 1.0;
				PRODUCT_BUNDLE_IDENTIFIER = com.tapfiles.voice.RecordingExample;
				PRODUCT_NAME = "$(TARGET_NAME)";
				SUPPORTED_PLATFORMS = "iphoneos iphonesimulator";
				SUPPORTS_MACCATALYST = NO;
				SUPPORTS_MAC_DESIGNED_FOR_IPHONE_IPAD = NO;
				SUPPORTS_XR_DESIGNED_FOR_IPHONE_IPAD = NO;
				SWIFT_EMIT_LOC_STRINGS = YES;
				SWIFT_VERSION = 5.0;
				TARGETED_DEVICE_FAMILY = 1;
			};
			name = Debug;
		};
		FAE21A742CAF9E8D00F9AA53 /* Release */ = {
			isa = XCBuildConfiguration;
			buildSettings = {
				ASSETCATALOG_COMPILER_APPICON_NAME = AppIcon;
				ASSETCATALOG_COMPILER_GLOBAL_ACCENT_COLOR_NAME = AccentColor;
				CODE_SIGN_STYLE = Automatic;
				CURRENT_PROJECT_VERSION = 1;
				DEVELOPMENT_TEAM = 432P93KZ59;
				GENERATE_INFOPLIST_FILE = YES;
				INFOPLIST_FILE = RecordingExample/Info.plist;
				INFOPLIST_KEY_NSMicrophoneUsageDescription = "This app uses your speech to recognition to transform your speech into text.";
				INFOPLIST_KEY_NSSpeechRecognitionUsageDescription = "This app uses Speech recognition to transform your speech into text.";
				INFOPLIST_KEY_UIApplicationSupportsIndirectInputEvents = YES;
				INFOPLIST_KEY_UILaunchStoryboardName = LaunchScreen;
				INFOPLIST_KEY_UIMainStoryboardFile = Main;
				INFOPLIST_KEY_UISupportedInterfaceOrientations = UIInterfaceOrientationPortrait;
				INFOPLIST_KEY_UISupportedInterfaceOrientations_iPad = "UIInterfaceOrientationLandscapeLeft UIInterfaceOrientationLandscapeRight UIInterfaceOrientationPortrait UIInterfaceOrientationPortraitUpsideDown";
				IPHONEOS_DEPLOYMENT_TARGET = 13.0;
				LD_RUNPATH_SEARCH_PATHS = (
					"$(inherited)",
					"@executable_path/Frameworks",
				);
				MARKETING_VERSION = 1.0;
				PRODUCT_BUNDLE_IDENTIFIER = com.tapfiles.voice.RecordingExample;
				PRODUCT_NAME = "$(TARGET_NAME)";
				SUPPORTED_PLATFORMS = "iphoneos iphonesimulator";
				SUPPORTS_MACCATALYST = NO;
				SUPPORTS_MAC_DESIGNED_FOR_IPHONE_IPAD = NO;
				SUPPORTS_XR_DESIGNED_FOR_IPHONE_IPAD = NO;
				SWIFT_EMIT_LOC_STRINGS = YES;
				SWIFT_VERSION = 5.0;
				TARGETED_DEVICE_FAMILY = 1;
			};
			name = Release;
		};
/* End XCBuildConfiguration section */

/* Begin XCConfigurationList section */
		FAE21A592CAF9E8C00F9AA53 /* Build configuration list for PBXProject "RecordingExample" */ = {
			isa = XCConfigurationList;
			buildConfigurations = (
				FAE21A702CAF9E8D00F9AA53 /* Debug */,
				FAE21A712CAF9E8D00F9AA53 /* Release */,
			);
			defaultConfigurationIsVisible = 0;
			defaultConfigurationName = Release;
		};
		FAE21A722CAF9E8D00F9AA53 /* Build configuration list for PBXNativeTarget "RecordingExample" */ = {
			isa = XCConfigurationList;
			buildConfigurations = (
				FAE21A732CAF9E8D00F9AA53 /* Debug */,
				FAE21A742CAF9E8D00F9AA53 /* Release */,
			);
			defaultConfigurationIsVisible = 0;
			defaultConfigurationName = Release;
		};
/* End XCConfigurationList section */
	};
	rootObject = FAE21A562CAF9E8C00F9AA53 /* Project object */;
}
